
Microsoft Visual Studio Solution File, Format Version 12.00
# Visual Studio Version 17
VisualStudioVersion = 17.7.34202.233
MinimumVisualStudioVersion = 10.0.40219.1
Project("{9A19103F-16F7-4668-BE54-9A1E7A4F7556}") = "MoviesAPI", "MoviesAPI.csproj", "{814F3FD3-477E-4008-B4B6-B9570F3B656E}"
EndProject
Global
	GlobalSection(SolutionConfigurationPlatforms) = preSolution
		Debug|Any CPU = Debug|Any CPU
		Release|Any CPU = Release|Any CPU
	EndGlobalSection
	GlobalSection(ProjectConfigurationPlatforms) = postSolution
		{814F3FD3-477E-4008-B4B6-B9570F3B656E}.Debug|Any CPU.ActiveCfg = Debug|Any CPU
		{814F3FD3-477E-4008-B4B6-B9570F3B656E}.Debug|Any CPU.Build.0 = Debug|Any CPU
		{814F3FD3-477E-4008-B4B6-B9570F3B656E}.Release|Any CPU.ActiveCfg = Release|Any CPU
		{814F3FD3-477E-4008-B4B6-B9570F3B656E}.Release|Any CPU.Build.0 = Release|Any CPU
	EndGlobalSection
	GlobalSection(SolutionProperties) = preSolution
		HideSolutionNode = FALSE
	EndGlobalSection
	GlobalSection(ExtensibilityGlobals) = postSolution
		SolutionGuid = {6ECA6897-AC5E-465C-9DBB-892ABBA4BE93}
	EndGlobalSection
EndGlobal
